# This file was autogenerated by Stack.
# You should not edit this file by hand.
# For more information, please see the documentation at:
#   https://docs.haskellstack.org/en/stable/lock_files

packages:
- completed:
    hackage: split-0.2.3.4@sha256:bad9bfc9e8e0aca4ac1f7b3a2767ee6b1c199d4a1b6960db5cc3d7674aee5d73,2564
    pantry-tree:
      size: 439
      sha256: d931baa404f6867a23ed342c11ef27613227a7a82ba2324f95da184fffad0bd9
  original:
    hackage: split-0.2.3.4
- completed:
    hackage: terminal-size-0.3.2.1@sha256:7b2d8e0475a46961d07ddfb91dee618de70eff55d9ba0402ebeac1f9dcf9b18b,1259
    pantry-tree:
      size: 580
      sha256: bdd64a618bdb54e93ed043f8c21d56b5447bfa5e706cda2b54e5b2a5efd6d297
  original:
    hackage: terminal-size-0.3.2.1
snapshots:
- completed:
    size: 524789
    url: https://raw.githubusercontent.com/commercialhaskell/stackage-snapshots/master/lts/14/8.yaml
    sha256: 8af5eb80734f02621d37e82cc0cde614af2ddc9c320610acb0b1b6d9ac162930
  original: lts-14.8
